
Microsoft Visual Studio Solution File, Format Version 12.00
# Visual Studio 15
VisualStudioVersion = 15.0.28307.136
MinimumVisualStudioVersion = 10.0.40219.1
Project("{FAE04EC0-301F-11D3-BF4B-00C04F79EFBC}") = "StartupConfigurerWin10", "StartupConfigurerWin10\StartupConfigurerWin10.csproj", "{1244E628-3C69-40F0-996E-1FA375670084}"
EndProject
Project("{FAE04EC0-301F-11D3-BF4B-00C04F79EFBC}") = "StartupConfigureTestWin10.Tests", "StartupConfigureTestWin10.Tests\StartupConfigureTestWin10.Tests.csproj", "{E7B87269-4091-4BFF-8C40-66264A04BB00}"
EndProject
Global
	GlobalSection(SolutionConfigurationPlatforms) = preSolution
		Debug|Any CPU = Debug|Any CPU
		Release|Any CPU = Release|Any CPU
	EndGlobalSection
	GlobalSection(ProjectConfigurationPlatforms) = postSolution
		{1244E628-3C69-40F0-996E-1FA375670084}.Debug|Any CPU.ActiveCfg = Debug|Any CPU
		{1244E628-3C69-40F0-996E-1FA375670084}.Debug|Any CPU.Build.0 = Debug|Any CPU
		{1244E628-3C69-40F0-996E-1FA375670084}.Release|Any CPU.ActiveCfg = Release|Any CPU
		{1244E628-3C69-40F0-996E-1FA375670084}.Release|Any CPU.Build.0 = Release|Any CPU
		{E7B87269-4091-4BFF-8C40-66264A04BB00}.Debug|Any CPU.ActiveCfg = Debug|Any CPU
		{E7B87269-4091-4BFF-8C40-66264A04BB00}.Debug|Any CPU.Build.0 = Debug|Any CPU
		{E7B87269-4091-4BFF-8C40-66264A04BB00}.Release|Any CPU.ActiveCfg = Release|Any CPU
		{E7B87269-4091-4BFF-8C40-66264A04BB00}.Release|Any CPU.Build.0 = Release|Any CPU
	EndGlobalSection
	GlobalSection(SolutionProperties) = preSolution
		HideSolutionNode = FALSE
	EndGlobalSection
	GlobalSection(ExtensibilityGlobals) = postSolution
		SolutionGuid = {F6A663F9-F1C6-47CE-8510-8E112C0EEB75}
	EndGlobalSection
EndGlobal
